
Microsoft Visual Studio Solution File, Format Version 12.00
# Visual Studio Version 17
VisualStudioVersion = 17.1.32210.238
MinimumVisualStudioVersion = 10.0.40219.1
Project("{FAE04EC0-301F-11D3-BF4B-00C04F79EFBC}") = "Curso_OO", "Curso_OO\Curso_OO.csproj", "{ADE22167-FEE5-4196-A661-3DEAE7841E6B}"
EndProject
Global
	GlobalSection(SolutionConfigurationPlatforms) = preSolution
		Debug|Any CPU = Debug|Any CPU
		Release|Any CPU = Release|Any CPU
	EndGlobalSection
	GlobalSection(ProjectConfigurationPlatforms) = postSolution
		{ADE22167-FEE5-4196-A661-3DEAE7841E6B}.Debug|Any CPU.ActiveCfg = Debug|Any CPU
		{ADE22167-FEE5-4196-A661-3DEAE7841E6B}.Debug|Any CPU.Build.0 = Debug|Any CPU
		{ADE22167-FEE5-4196-A661-3DEAE7841E6B}.Release|Any CPU.ActiveCfg = Release|Any CPU
		{ADE22167-FEE5-4196-A661-3DEAE7841E6B}.Release|Any CPU.Build.0 = Release|Any CPU
	EndGlobalSection
	GlobalSection(SolutionProperties) = preSolution
		HideSolutionNode = FALSE
	EndGlobalSection
	GlobalSection(ExtensibilityGlobals) = postSolution
		SolutionGuid = {C3673511-F24E-4286-9FDC-F201E03520D3}
	EndGlobalSection
EndGlobal
